// !$*UTF8*$!
{
	archiveVersion = 1;
	classes = {
	};
	objectVersion = 55;
	objects = {

/* Begin PBXBuildFile section */
		86837C8A289393A7005DC6E7 /* AppDelegate.swift in Sources */ = {isa = PBXBuildFile; fileRef = 86837C89289393A7005DC6E7 /* AppDelegate.swift */; };
		86837C8C289393A7005DC6E7 /* SceneDelegate.swift in Sources */ = {isa = PBXBuildFile; fileRef = 86837C8B289393A7005DC6E7 /* SceneDelegate.swift */; };
		86837C8E289393A7005DC6E7 /* ViewController.swift in Sources */ = {isa = PBXBuildFile; fileRef = 86837C8D289393A7005DC6E7 /* ViewController.swift */; };
		86837C91289393A7005DC6E7 /* Main.storyboard in Resources */ = {isa = PBXBuildFile; fileRef = 86837C8F289393A7005DC6E7 /* Main.storyboard */; };
		86837C94289393A7005DC6E7 /* _022_07_29_core_data_app.xcdatamodeld in Sources */ = {isa = PBXBuildFile; fileRef = 86837C92289393A7005DC6E7 /* _022_07_29_core_data_app.xcdatamodeld */; };
		86837C96289393A8005DC6E7 /* Assets.xcassets in Resources */ = {isa = PBXBuildFile; fileRef = 86837C95289393A8005DC6E7 /* Assets.xcassets */; };
		86837C99289393A8005DC6E7 /* LaunchScreen.storyboard in Resources */ = {isa = PBXBuildFile; fileRef = 86837C97289393A8005DC6E7 /* LaunchScreen.storyboard */; };
/* End PBXBuildFile section */

/* Begin PBXFileReference section */
		86837C86289393A7005DC6E7 /* 2022-07-29-core-data-app.app */ = {isa = PBXFileReference; explicitFileType = wrapper.application; includeInIndex = 0; path = "2022-07-29-core-data-app.app"; sourceTree = BUILT_PRODUCTS_DIR; };
		86837C89289393A7005DC6E7 /* AppDelegate.swift */ = {isa = PBXFileReference; lastKnownFileType = sourcecode.swift; path = AppDelegate.swift; sourceTree = "<group>"; };
		86837C8B289393A7005DC6E7 /* SceneDelegate.swift */ = {isa = PBXFileReference; lastKnownFileType = sourcecode.swift; path = SceneDelegate.swift; sourceTree = "<group>"; };
		86837C8D289393A7005DC6E7 /* ViewController.swift */ = {isa = PBXFileReference; lastKnownFileType = sourcecode.swift; path = ViewController.swift; sourceTree = "<group>"; };
		86837C90289393A7005DC6E7 /* Base */ = {isa = PBXFileReference; lastKnownFileType = file.storyboard; name = Base; path = Base.lproj/Main.storyboard; sourceTree = "<group>"; };
		86837C93289393A7005DC6E7 /* _022_07_29_core_data_app.xcdatamodel */ = {isa = PBXFileReference; lastKnownFileType = wrapper.xcdatamodel; path = _022_07_29_core_data_app.xcdatamodel; sourceTree = "<group>"; };
		86837C95289393A8005DC6E7 /* Assets.xcassets */ = {isa = PBXFileReference; lastKnownFileType = folder.assetcatalog; path = Assets.xcassets; sourceTree = "<group>"; };
		86837C98289393A8005DC6E7 /* Base */ = {isa = PBXFileReference; lastKnownFileType = file.storyboard; name = Base; path = Base.lproj/LaunchScreen.storyboard; sourceTree = "<group>"; };
		86837C9A289393A8005DC6E7 /* Info.plist */ = {isa = PBXFileReference; lastKnownFileType = text.plist.xml; path = Info.plist; sourceTree = "<group>"; };
/* End PBXFileReference section */

/* Begin PBXFrameworksBuildPhase section */
		86837C83289393A7005DC6E7 /* Frameworks */ = {
			isa = PBXFrameworksBuildPhase;
			buildActionMask = 2147483647;
			files = (
			);
			runOnlyForDeploymentPostprocessing = 0;
		};
/* End PBXFrameworksBuildPhase section */

/* Begin PBXGroup section */
		86837C7D289393A7005DC6E7 = {
			isa = PBXGroup;
			children = (
				86837C88289393A7005DC6E7 /* 2022-07-29-core-data-app */,
				86837C87289393A7005DC6E7 /* Products */,
			);
			sourceTree = "<group>";
		};
		86837C87289393A7005DC6E7 /* Products */ = {
			isa = PBXGroup;
			children = (
				86837C86289393A7005DC6E7 /* 2022-07-29-core-data-app.app */,
			);
			name = Products;
			sourceTree = "<group>";
		};
		86837C88289393A7005DC6E7 /* 2022-07-29-core-data-app */ = {
			isa = PBXGroup;
			children = (
				86837C89289393A7005DC6E7 /* AppDelegate.swift */,
				86837C8B289393A7005DC6E7 /* SceneDelegate.swift */,
				86837C8D289393A7005DC6E7 /* ViewController.swift */,
				86837C8F289393A7005DC6E7 /* Main.storyboard */,
				86837C95289393A8005DC6E7 /* Assets.xcassets */,
				86837C97289393A8005DC6E7 /* LaunchScreen.storyboard */,
				86837C9A289393A8005DC6E7 /* Info.plist */,
				86837C92289393A7005DC6E7 /* _022_07_29_core_data_app.xcdatamodeld */,
			);
			path = "2022-07-29-core-data-app";
			sourceTree = "<group>";
		};
/* End PBXGroup section */

/* Begin PBXNativeTarget section */
		86837C85289393A7005DC6E7 /* 2022-07-29-core-data-app */ = {
			isa = PBXNativeTarget;
			buildConfigurationList = 86837C9D289393A8005DC6E7 /* Build configuration list for PBXNativeTarget "2022-07-29-core-data-app" */;
			buildPhases = (
				86837C82289393A7005DC6E7 /* Sources */,
				86837C83289393A7005DC6E7 /* Frameworks */,
				86837C84289393A7005DC6E7 /* Resources */,
			);
			buildRules = (
			);
			dependencies = (
			);
			name = "2022-07-29-core-data-app";
			productName = "2022-07-29-core-data-app";
			productReference = 86837C86289393A7005DC6E7 /* 2022-07-29-core-data-app.app */;
			productType = "com.apple.product-type.application";
		};
/* End PBXNativeTarget section */

/* Begin PBXProject section */
		86837C7E289393A7005DC6E7 /* Project object */ = {
			isa = PBXProject;
			attributes = {
				BuildIndependentTargetsInParallel = 1;
				LastSwiftUpdateCheck = 1340;
				LastUpgradeCheck = 1340;
				TargetAttributes = {
					86837C85289393A7005DC6E7 = {
						CreatedOnToolsVersion = 13.4.1;
					};
				};
			};
			buildConfigurationList = 86837C81289393A7005DC6E7 /* Build configuration list for PBXProject "2022-07-29-core-data-app" */;
			compatibilityVersion = "Xcode 13.0";
			developmentRegion = en;
			hasScannedForEncodings = 0;
			knownRegions = (
				en,
				Base,
			);
			mainGroup = 86837C7D289393A7005DC6E7;
			productRefGroup = 86837C87289393A7005DC6E7 /* Products */;
			projectDirPath = "";
			projectRoot = "";
			targets = (
				86837C85289393A7005DC6E7 /* 2022-07-29-core-data-app */,
			);
		};
/* End PBXProject section */

/* Begin PBXResourcesBuildPhase section */
		86837C84289393A7005DC6E7 /* Resources */ = {
			isa = PBXResourcesBuildPhase;
			buildActionMask = 2147483647;
			files = (
				86837C99289393A8005DC6E7 /* LaunchScreen.storyboard in Resources */,
				86837C96289393A8005DC6E7 /* Assets.xcassets in Resources */,
				86837C91289393A7005DC6E7 /* Main.storyboard in Resources */,
			);
			runOnlyForDeploymentPostprocessing = 0;
		};
/* End PBXResourcesBuildPhase section */

/* Begin PBXSourcesBuildPhase section */
		86837C82289393A7005DC6E7 /* Sources */ = {
			isa = PBXSourcesBuildPhase;
			buildActionMask = 2147483647;
			files = (
				86837C8E289393A7005DC6E7 /* ViewController.swift in Sources */,
				86837C94289393A7005DC6E7 /* _022_07_29_core_data_app.xcdatamodeld in Sources */,
				86837C8A289393A7005DC6E7 /* AppDelegate.swift in Sources */,
				86837C8C289393A7005DC6E7 /* SceneDelegate.swift in Sources */,
			);
			runOnlyForDeploymentPostprocessing = 0;
		};
/* End PBXSourcesBuildPhase section */

/* Begin PBXVariantGroup section */
		86837C8F289393A7005DC6E7 /* Main.storyboard */ = {
			isa = PBXVariantGroup;
			children = (
				86837C90289393A7005DC6E7 /* Base */,
			);
			name = Main.storyboard;
			sourceTree = "<group>";
		};
		86837C97289393A8005DC6E7 /* LaunchScreen.storyboard */ = {
			isa = PBXVariantGroup;
			children = (
				86837C98289393A8005DC6E7 /* Base */,
			);
			name = LaunchScreen.storyboard;
			sourceTree = "<group>";
		};
/* End PBXVariantGroup section */

/* Begin XCBuildConfiguration section */
		86837C9B289393A8005DC6E7 /* Debug */ = {
			isa = XCBuildConfiguration;
			buildSettings = {
				ALWAYS_SEARCH_USER_PATHS = NO;
				CLANG_ANALYZER_NONNULL = YES;
				CLANG_ANALYZER_NUMBER_OBJECT_CONVERSION = YES_AGGRESSIVE;
				CLANG_CXX_LANGUAGE_STANDARD = "gnu++17";
				CLANG_ENABLE_MODULES = YES;
				CLANG_ENABLE_OBJC_ARC = YES;
				CLANG_ENABLE_OBJC_WEAK = YES;
				CLANG_WARN_BLOCK_CAPTURE_AUTORELEASING = YES;
				CLANG_WARN_BOOL_CONVERSION = YES;
				CLANG_WARN_COMMA = YES;
				CLANG_WARN_CONSTANT_CONVERSION = YES;
				CLANG_WARN_DEPRECATED_OBJC_IMPLEMENTATIONS = YES;
				CLANG_WARN_DIRECT_OBJC_ISA_USAGE = YES_ERROR;
				CLANG_WARN_DOCUMENTATION_COMMENTS = YES;
				CLANG_WARN_EMPTY_BODY = YES;
				CLANG_WARN_ENUM_CONVERSION = YES;
				CLANG_WARN_INFINITE_RECURSION = YES;
				CLANG_WARN_INT_CONVERSION = YES;
				CLANG_WARN_NON_LITERAL_NULL_CONVERSION = YES;
				CLANG_WARN_OBJC_IMPLICIT_RETAIN_SELF = YES;
				CLANG_WARN_OBJC_LITERAL_CONVERSION = YES;
				CLANG_WARN_OBJC_ROOT_CLASS = YES_ERROR;
				CLANG_WARN_QUOTED_INCLUDE_IN_FRAMEWORK_HEADER = YES;
				CLANG_WARN_RANGE_LOOP_ANALYSIS = YES;
				CLANG_WARN_STRICT_PROTOTYPES = YES;
				CLANG_WARN_SUSPICIOUS_MOVE = YES;
				CLANG_WARN_UNGUARDED_AVAILABILITY = YES_AGGRESSIVE;
				CLANG_WARN_UNREACHABLE_CODE = YES;
				CLANG_WARN__DUPLICATE_METHOD_MATCH = YES;
				COPY_PHASE_STRIP = NO;
				DEBUG_INFORMATION_FORMAT = dwarf;
				ENABLE_STRICT_OBJC_MSGSEND = YES;
				ENABLE_TESTABILITY = YES;
				GCC_C_LANGUAGE_STANDARD = gnu11;
				GCC_DYNAMIC_NO_PIC = NO;
				GCC_NO_COMMON_BLOCKS = YES;
				GCC_OPTIMIZATION_LEVEL = 0;
				GCC_PREPROCESSOR_DEFINITIONS = (
					"DEBUG=1",
					"$(inherited)",
				);
				GCC_WARN_64_TO_32_BIT_CONVERSION = YES;
				GCC_WARN_ABOUT_RETURN_TYPE = YES_ERROR;
				GCC_WARN_UNDECLARED_SELECTOR = YES;
				GCC_WARN_UNINITIALIZED_AUTOS = YES_AGGRESSIVE;
				GCC_WARN_UNUSED_FUNCTION = YES;
				GCC_WARN_UNUSED_VARIABLE = YES;
				IPHONEOS_DEPLOYMENT_TARGET = 15.5;
				MTL_ENABLE_DEBUG_INFO = INCLUDE_SOURCE;
				MTL_FAST_MATH = YES;
				ONLY_ACTIVE_ARCH = YES;
				SDKROOT = iphoneos;
				SWIFT_ACTIVE_COMPILATION_CONDITIONS = DEBUG;
				SWIFT_OPTIMIZATION_LEVEL = "-Onone";
			};
			name = Debug;
		};
		86837C9C289393A8005DC6E7 /* Release */ = {
			isa = XCBuildConfiguration;
			buildSettings = {
				ALWAYS_SEARCH_USER_PATHS = NO;
				CLANG_ANALYZER_NONNULL = YES;
				CLANG_ANALYZER_NUMBER_OBJECT_CONVERSION = YES_AGGRESSIVE;
				CLANG_CXX_LANGUAGE_STANDARD = "gnu++17";
				CLANG_ENABLE_MODULES = YES;
				CLANG_ENABLE_OBJC_ARC = YES;
				CLANG_ENABLE_OBJC_WEAK = YES;
				CLANG_WARN_BLOCK_CAPTURE_AUTORELEASING = YES;
				CLANG_WARN_BOOL_CONVERSION = YES;
				CLANG_WARN_COMMA = YES;
				CLANG_WARN_CONSTANT_CONVERSION = YES;
				CLANG_WARN_DEPRECATED_OBJC_IMPLEMENTATIONS = YES;
				CLANG_WARN_DIRECT_OBJC_ISA_USAGE = YES_ERROR;
				CLANG_WARN_DOCUMENTATION_COMMENTS = YES;
				CLANG_WARN_EMPTY_BODY = YES;
				CLANG_WARN_ENUM_CONVERSION = YES;
				CLANG_WARN_INFINITE_RECURSION = YES;
				CLANG_WARN_INT_CONVERSION = YES;
				CLANG_WARN_NON_LITERAL_NULL_CONVERSION = YES;
				CLANG_WARN_OBJC_IMPLICIT_RETAIN_SELF = YES;
				CLANG_WARN_OBJC_LITERAL_CONVERSION = YES;
				CLANG_WARN_OBJC_ROOT_CLASS = YES_ERROR;
				CLANG_WARN_QUOTED_INCLUDE_IN_FRAMEWORK_HEADER = YES;
				CLANG_WARN_RANGE_LOOP_ANALYSIS = YES;
				CLANG_WARN_STRICT_PROTOTYPES = YES;
				CLANG_WARN_SUSPICIOUS_MOVE = YES;
				CLANG_WARN_UNGUARDED_AVAILABILITY = YES_AGGRESSIVE;
				CLANG_WARN_UNREACHABLE_CODE = YES;
				CLANG_WARN__DUPLICATE_METHOD_MATCH = YES;
				COPY_PHASE_STRIP = NO;
				DEBUG_INFORMATION_FORMAT = "dwarf-with-dsym";
				ENABLE_NS_ASSERTIONS = NO;
				ENABLE_STRICT_OBJC_MSGSEND = YES;
				GCC_C_LANGUAGE_STANDARD = gnu11;
				GCC_NO_COMMON_BLOCKS = YES;
				GCC_WARN_64_TO_32_BIT_CONVERSION = YES;
				GCC_WARN_ABOUT_RETURN_TYPE = YES_ERROR;
				GCC_WARN_UNDECLARED_SELECTOR = YES;
				GCC_WARN_UNINITIALIZED_AUTOS = YES_AGGRESSIVE;
				GCC_WARN_UNUSED_FUNCTION = YES;
				GCC_WARN_UNUSED_VARIABLE = YES;
				IPHONEOS_DEPLOYMENT_TARGET = 15.5;
				MTL_ENABLE_DEBUG_INFO = NO;
				MTL_FAST_MATH = YES;
				SDKROOT = iphoneos;
				SWIFT_COMPILATION_MODE = wholemodule;
				SWIFT_OPTIMIZATION_LEVEL = "-O";
				VALIDATE_PRODUCT = YES;
			};
			name = Release;
		};
		86837C9E289393A8005DC6E7 /* Debug */ = {
			isa = XCBuildConfiguration;
			buildSettings = {
				ASSETCATALOG_COMPILER_APPICON_NAME = AppIcon;
				ASSETCATALOG_COMPILER_GLOBAL_ACCENT_COLOR_NAME = AccentColor;
				CODE_SIGN_STYLE = Automatic;
				CURRENT_PROJECT_VERSION = 1;
				DEVELOPMENT_TEAM = 3H26KDY29L;
				GENERATE_INFOPLIST_FILE = YES;
				INFOPLIST_FILE = "2022-07-29-core-data-app/Info.plist";
				INFOPLIST_KEY_UIApplicationSupportsIndirectInputEvents = YES;
				INFOPLIST_KEY_UILaunchStoryboardName = LaunchScreen;
				INFOPLIST_KEY_UIMainStoryboardFile = Main;
				INFOPLIST_KEY_UISupportedInterfaceOrientations_iPad = "UIInterfaceOrientationPortrait UIInterfaceOrientationPortraitUpsideDown UIInterfaceOrientationLandscapeLeft UIInterfaceOrientationLandscapeRight";
				INFOPLIST_KEY_UISupportedInterfaceOrientations_iPhone = "UIInterfaceOrientationPortrait UIInterfaceOrientationLandscapeLeft UIInterfaceOrientationLandscapeRight";
				LD_RUNPATH_SEARCH_PATHS = (
					"$(inherited)",
					"@executable_path/Frameworks",
				);
				MARKETING_VERSION = 1.0;
				PRODUCT_BUNDLE_IDENTIFIER = "action.in.ios.-022-07-29-core-data-app";
				PRODUCT_NAME = "$(TARGET_NAME)";
				SWIFT_EMIT_LOC_STRINGS = YES;
				SWIFT_VERSION = 5.0;
				TARGETED_DEVICE_FAMILY = "1,2";
			};
			name = Debug;
		};
		86837C9F289393A8005DC6E7 /* Release */ = {
			isa = XCBuildConfiguration;
			buildSettings = {
				ASSETCATALOG_COMPILER_APPICON_NAME = AppIcon;
				ASSETCATALOG_COMPILER_GLOBAL_ACCENT_COLOR_NAME = AccentColor;
				CODE_SIGN_STYLE = Automatic;
				CURRENT_PROJECT_VERSION = 1;
				DEVELOPMENT_TEAM = 3H26KDY29L;
				GENERATE_INFOPLIST_FILE = YES;
				INFOPLIST_FILE = "2022-07-29-core-data-app/Info.plist";
				INFOPLIST_KEY_UIApplicationSupportsIndirectInputEvents = YES;
				INFOPLIST_KEY_UILaunchStoryboardName = LaunchScreen;
				INFOPLIST_KEY_UIMainStoryboardFile = Main;
				INFOPLIST_KEY_UISupportedInterfaceOrientations_iPad = "UIInterfaceOrientationPortrait UIInterfaceOrientationPortraitUpsideDown UIInterfaceOrientationLandscapeLeft UIInterfaceOrientationLandscapeRight";
				INFOPLIST_KEY_UISupportedInterfaceOrientations_iPhone = "UIInterfaceOrientationPortrait UIInterfaceOrientationLandscapeLeft UIInterfaceOrientationLandscapeRight";
				LD_RUNPATH_SEARCH_PATHS = (
					"$(inherited)",
					"@executable_path/Frameworks",
				);
				MARKETING_VERSION = 1.0;
				PRODUCT_BUNDLE_IDENTIFIER = "action.in.ios.-022-07-29-core-data-app";
				PRODUCT_NAME = "$(TARGET_NAME)";
				SWIFT_EMIT_LOC_STRINGS = YES;
				SWIFT_VERSION = 5.0;
				TARGETED_DEVICE_FAMILY = "1,2";
			};
			name = Release;
		};
/* End XCBuildConfiguration section */

/* Begin XCConfigurationList section */
		86837C81289393A7005DC6E7 /* Build configuration list for PBXProject "2022-07-29-core-data-app" */ = {
			isa = XCConfigurationList;
			buildConfigurations = (
				86837C9B289393A8005DC6E7 /* Debug */,
				86837C9C289393A8005DC6E7 /* Release */,
			);
			defaultConfigurationIsVisible = 0;
			defaultConfigurationName = Release;
		};
		86837C9D289393A8005DC6E7 /* Build configuration list for PBXNativeTarget "2022-07-29-core-data-app" */ = {
			isa = XCConfigurationList;
			buildConfigurations = (
				86837C9E289393A8005DC6E7 /* Debug */,
				86837C9F289393A8005DC6E7 /* Release */,
			);
			defaultConfigurationIsVisible = 0;
			defaultConfigurationName = Release;
		};
/* End XCConfigurationList section */

/* Begin XCVersionGroup section */
		86837C92289393A7005DC6E7 /* _022_07_29_core_data_app.xcdatamodeld */ = {
			isa = XCVersionGroup;
			children = (
				86837C93289393A7005DC6E7 /* _022_07_29_core_data_app.xcdatamodel */,
			);
			currentVersion = 86837C93289393A7005DC6E7 /* _022_07_29_core_data_app.xcdatamodel */;
			path = _022_07_29_core_data_app.xcdatamodeld;
			sourceTree = "<group>";
			versionGroupType = wrapper.xcdatamodel;
		};
/* End XCVersionGroup section */
	};
	rootObject = 86837C7E289393A7005DC6E7 /* Project object */;
}
